// !$*UTF8*$!
{
	archiveVersion = 1;
	classes = {
	};
	objectVersion = 50;
	objects = {

/* Begin PBXBuildFile section */
		3C89E48F253C96C3003BA331 /* AppDelegate.swift in Sources */ = {isa = PBXBuildFile; fileRef = 3C89E48E253C96C3003BA331 /* AppDelegate.swift */; };
		3C89E491253C96C3003BA331 /* SceneDelegate.swift in Sources */ = {isa = PBXBuildFile; fileRef = 3C89E490253C96C3003BA331 /* SceneDelegate.swift */; };
		3C89E493253C96C3003BA331 /* ViewController.swift in Sources */ = {isa = PBXBuildFile; fileRef = 3C89E492253C96C3003BA331 /* ViewController.swift */; };
		3C89E496253C96C3003BA331 /* Main.storyboard in Resources */ = {isa = PBXBuildFile; fileRef = 3C89E494253C96C3003BA331 /* Main.storyboard */; };
		3C89E498253C96C5003BA331 /* Assets.xcassets in Resources */ = {isa = PBXBuildFile; fileRef = 3C89E497253C96C5003BA331 /* Assets.xcassets */; };
		3C89E49B253C96C5003BA331 /* LaunchScreen.storyboard in Resources */ = {isa = PBXBuildFile; fileRef = 3C89E499253C96C5003BA331 /* LaunchScreen.storyboard */; };
		3C89E4A6253C96C5003BA331 /* DemoABCTests.swift in Sources */ = {isa = PBXBuildFile; fileRef = 3C89E4A5253C96C5003BA331 /* DemoABCTests.swift */; };
		3C89E4B1253C96C5003BA331 /* DemoABCUITests.swift in Sources */ = {isa = PBXBuildFile; fileRef = 3C89E4B0253C96C5003BA331 /* DemoABCUITests.swift */; };
/* End PBXBuildFile section */

/* Begin PBXContainerItemProxy section */
		3C89E4A2253C96C5003BA331 /* PBXContainerItemProxy */ = {
			isa = PBXContainerItemProxy;
			containerPortal = 3C89E483253C96C3003BA331 /* Project object */;
			proxyType = 1;
			remoteGlobalIDString = 3C89E48A253C96C3003BA331;
			remoteInfo = DemoABC;
		};
		3C89E4AD253C96C5003BA331 /* PBXContainerItemProxy */ = {
			isa = PBXContainerItemProxy;
			containerPortal = 3C89E483253C96C3003BA331 /* Project object */;
			proxyType = 1;
			remoteGlobalIDString = 3C89E48A253C96C3003BA331;
			remoteInfo = DemoABC;
		};
/* End PBXContainerItemProxy section */

/* Begin PBXFileReference section */
		3C89E48B253C96C3003BA331 /* DemoABC.app */ = {isa = PBXFileReference; explicitFileType = wrapper.application; includeInIndex = 0; path = DemoABC.app; sourceTree = BUILT_PRODUCTS_DIR; };
		3C89E48E253C96C3003BA331 /* AppDelegate.swift */ = {isa = PBXFileReference; lastKnownFileType = sourcecode.swift; path = AppDelegate.swift; sourceTree = "<group>"; };
		3C89E490253C96C3003BA331 /* SceneDelegate.swift */ = {isa = PBXFileReference; lastKnownFileType = sourcecode.swift; path = SceneDelegate.swift; sourceTree = "<group>"; };
		3C89E492253C96C3003BA331 /* ViewController.swift */ = {isa = PBXFileReference; lastKnownFileType = sourcecode.swift; path = ViewController.swift; sourceTree = "<group>"; };
		3C89E495253C96C3003BA331 /* Base */ = {isa = PBXFileReference; lastKnownFileType = file.storyboard; name = Base; path = Base.lproj/Main.storyboard; sourceTree = "<group>"; };
		3C89E497253C96C5003BA331 /* Assets.xcassets */ = {isa = PBXFileReference; lastKnownFileType = folder.assetcatalog; path = Assets.xcassets; sourceTree = "<group>"; };
		3C89E49A253C96C5003BA331 /* Base */ = {isa = PBXFileReference; lastKnownFileType = file.storyboard; name = Base; path = Base.lproj/LaunchScreen.storyboard; sourceTree = "<group>"; };
		3C89E49C253C96C5003BA331 /* Info.plist */ = {isa = PBXFileReference; lastKnownFileType = text.plist.xml; path = Info.plist; sourceTree = "<group>"; };
		3C89E4A1253C96C5003BA331 /* DemoABCTests.xctest */ = {isa = PBXFileReference; explicitFileType = wrapper.cfbundle; includeInIndex = 0; path = DemoABCTests.xctest; sourceTree = BUILT_PRODUCTS_DIR; };
		3C89E4A5253C96C5003BA331 /* DemoABCTests.swift */ = {isa = PBXFileReference; lastKnownFileType = sourcecode.swift; path = DemoABCTests.swift; sourceTree = "<group>"; };
		3C89E4A7253C96C5003BA331 /* Info.plist */ = {isa = PBXFileReference; lastKnownFileType = text.plist.xml; path = Info.plist; sourceTree = "<group>"; };
		3C89E4AC253C96C5003BA331 /* DemoABCUITests.xctest */ = {isa = PBXFileReference; explicitFileType = wrapper.cfbundle; includeInIndex = 0; path = DemoABCUITests.xctest; sourceTree = BUILT_PRODUCTS_DIR; };
		3C89E4B0253C96C5003BA331 /* DemoABCUITests.swift */ = {isa = PBXFileReference; lastKnownFileType = sourcecode.swift; path = DemoABCUITests.swift; sourceTree = "<group>"; };
		3C89E4B2253C96C5003BA331 /* Info.plist */ = {isa = PBXFileReference; lastKnownFileType = text.plist.xml; path = Info.plist; sourceTree = "<group>"; };
/* End PBXFileReference section */

/* Begin PBXFrameworksBuildPhase section */
		3C89E488253C96C3003BA331 /* Frameworks */ = {
			isa = PBXFrameworksBuildPhase;
			buildActionMask = 2147483647;
			files = (
			);
			runOnlyForDeploymentPostprocessing = 0;
		};
		3C89E49E253C96C5003BA331 /* Frameworks */ = {
			isa = PBXFrameworksBuildPhase;
			buildActionMask = 2147483647;
			files = (
			);
			runOnlyForDeploymentPostprocessing = 0;
		};
		3C89E4A9253C96C5003BA331 /* Frameworks */ = {
			isa = PBXFrameworksBuildPhase;
			buildActionMask = 2147483647;
			files = (
			);
			runOnlyForDeploymentPostprocessing = 0;
		};
/* End PBXFrameworksBuildPhase section */

/* Begin PBXGroup section */
		3C89E482253C96C3003BA331 = {
			isa = PBXGroup;
			children = (
				3C89E48D253C96C3003BA331 /* DemoABC */,
				3C89E4A4253C96C5003BA331 /* DemoABCTests */,
				3C89E4AF253C96C5003BA331 /* DemoABCUITests */,
				3C89E48C253C96C3003BA331 /* Products */,
			);
			sourceTree = "<group>";
		};
		3C89E48C253C96C3003BA331 /* Products */ = {
			isa = PBXGroup;
			children = (
				3C89E48B253C96C3003BA331 /* DemoABC.app */,
				3C89E4A1253C96C5003BA331 /* DemoABCTests.xctest */,
				3C89E4AC253C96C5003BA331 /* DemoABCUITests.xctest */,
			);
			name = Products;
			sourceTree = "<group>";
		};
		3C89E48D253C96C3003BA331 /* DemoABC */ = {
			isa = PBXGroup;
			children = (
				3C89E48E253C96C3003BA331 /* AppDelegate.swift */,
				3C89E490253C96C3003BA331 /* SceneDelegate.swift */,
				3C89E492253C96C3003BA331 /* ViewController.swift */,
				3C89E494253C96C3003BA331 /* Main.storyboard */,
				3C89E497253C96C5003BA331 /* Assets.xcassets */,
				3C89E499253C96C5003BA331 /* LaunchScreen.storyboard */,
				3C89E49C253C96C5003BA331 /* Info.plist */,
			);
			path = DemoABC;
			sourceTree = "<group>";
		};
		3C89E4A4253C96C5003BA331 /* DemoABCTests */ = {
			isa = PBXGroup;
			children = (
				3C89E4A5253C96C5003BA331 /* DemoABCTests.swift */,
				3C89E4A7253C96C5003BA331 /* Info.plist */,
			);
			path = DemoABCTests;
			sourceTree = "<group>";
		};
		3C89E4AF253C96C5003BA331 /* DemoABCUITests */ = {
			isa = PBXGroup;
			children = (
				3C89E4B0253C96C5003BA331 /* DemoABCUITests.swift */,
				3C89E4B2253C96C5003BA331 /* Info.plist */,
			);
			path = DemoABCUITests;
			sourceTree = "<group>";
		};
/* End PBXGroup section */

/* Begin PBXNativeTarget section */
		3C89E48A253C96C3003BA331 /* DemoABC */ = {
			isa = PBXNativeTarget;
			buildConfigurationList = 3C89E4B5253C96C5003BA331 /* Build configuration list for PBXNativeTarget "DemoABC" */;
			buildPhases = (
				3C89E487253C96C3003BA331 /* Sources */,
				3C89E488253C96C3003BA331 /* Frameworks */,
				3C89E489253C96C3003BA331 /* Resources */,
			);
			buildRules = (
			);
			dependencies = (
			);
			name = DemoABC;
			productName = DemoABC;
			productReference = 3C89E48B253C96C3003BA331 /* DemoABC.app */;
			productType = "com.apple.product-type.application";
		};
		3C89E4A0253C96C5003BA331 /* DemoABCTests */ = {
			isa = PBXNativeTarget;
			buildConfigurationList = 3C89E4B8253C96C5003BA331 /* Build configuration list for PBXNativeTarget "DemoABCTests" */;
			buildPhases = (
				3C89E49D253C96C5003BA331 /* Sources */,
				3C89E49E253C96C5003BA331 /* Frameworks */,
				3C89E49F253C96C5003BA331 /* Resources */,
			);
			buildRules = (
			);
			dependencies = (
				3C89E4A3253C96C5003BA331 /* PBXTargetDependency */,
			);
			name = DemoABCTests;
			productName = DemoABCTests;
			productReference = 3C89E4A1253C96C5003BA331 /* DemoABCTests.xctest */;
			productType = "com.apple.product-type.bundle.unit-test";
		};
		3C89E4AB253C96C5003BA331 /* DemoABCUITests */ = {
			isa = PBXNativeTarget;
			buildConfigurationList = 3C89E4BB253C96C5003BA331 /* Build configuration list for PBXNativeTarget "DemoABCUITests" */;
			buildPhases = (
				3C89E4A8253C96C5003BA331 /* Sources */,
				3C89E4A9253C96C5003BA331 /* Frameworks */,
				3C89E4AA253C96C5003BA331 /* Resources */,
			);
			buildRules = (
			);
			dependencies = (
				3C89E4AE253C96C5003BA331 /* PBXTargetDependency */,
			);
			name = DemoABCUITests;
			productName = DemoABCUITests;
			productReference = 3C89E4AC253C96C5003BA331 /* DemoABCUITests.xctest */;
			productType = "com.apple.product-type.bundle.ui-testing";
		};
/* End PBXNativeTarget section */

/* Begin PBXProject section */
		3C89E483253C96C3003BA331 /* Project object */ = {
			isa = PBXProject;
			attributes = {
				LastSwiftUpdateCheck = 1200;
				LastUpgradeCheck = 1200;
				TargetAttributes = {
					3C89E48A253C96C3003BA331 = {
						CreatedOnToolsVersion = 12.0;
					};
					3C89E4A0253C96C5003BA331 = {
						CreatedOnToolsVersion = 12.0;
						TestTargetID = 3C89E48A253C96C3003BA331;
					};
					3C89E4AB253C96C5003BA331 = {
						CreatedOnToolsVersion = 12.0;
						TestTargetID = 3C89E48A253C96C3003BA331;
					};
				};
			};
			buildConfigurationList = 3C89E486253C96C3003BA331 /* Build configuration list for PBXProject "DemoABC" */;
			compatibilityVersion = "Xcode 9.3";
			developmentRegion = en;
			hasScannedForEncodings = 0;
			knownRegions = (
				en,
				Base,
			);
			mainGroup = 3C89E482253C96C3003BA331;
			productRefGroup = 3C89E48C253C96C3003BA331 /* Products */;
			projectDirPath = "";
			projectRoot = "";
			targets = (
				3C89E48A253C96C3003BA331 /* DemoABC */,
				3C89E4A0253C96C5003BA331 /* DemoABCTests */,
				3C89E4AB253C96C5003BA331 /* DemoABCUITests */,
			);
		};
/* End PBXProject section */

/* Begin PBXResourcesBuildPhase section */
		3C89E489253C96C3003BA331 /* Resources */ = {
			isa = PBXResourcesBuildPhase;
			buildActionMask = 2147483647;
			files = (
				3C89E49B253C96C5003BA331 /* LaunchScreen.storyboard in Resources */,
				3C89E498253C96C5003BA331 /* Assets.xcassets in Resources */,
				3C89E496253C96C3003BA331 /* Main.storyboard in Resources */,
			);
			runOnlyForDeploymentPostprocessing = 0;
		};
		3C89E49F253C96C5003BA331 /* Resources */ = {
			isa = PBXResourcesBuildPhase;
			buildActionMask = 2147483647;
			files = (
			);
			runOnlyForDeploymentPostprocessing = 0;
		};
		3C89E4AA253C96C5003BA331 /* Resources */ = {
			isa = PBXResourcesBuildPhase;
			buildActionMask = 2147483647;
			files = (
			);
			runOnlyForDeploymentPostprocessing = 0;
		};
/* End PBXResourcesBuildPhase section */

/* Begin PBXSourcesBuildPhase section */
		3C89E487253C96C3003BA331 /* Sources */ = {
			isa = PBXSourcesBuildPhase;
			buildActionMask = 2147483647;
			files = (
				3C89E493253C96C3003BA331 /* ViewController.swift in Sources */,
				3C89E48F253C96C3003BA331 /* AppDelegate.swift in Sources */,
				3C89E491253C96C3003BA331 /* SceneDelegate.swift in Sources */,
			);
			runOnlyForDeploymentPostprocessing = 0;
		};
		3C89E49D253C96C5003BA331 /* Sources */ = {
			isa = PBXSourcesBuildPhase;
			buildActionMask = 2147483647;
			files = (
				3C89E4A6253C96C5003BA331 /* DemoABCTests.swift in Sources */,
			);
			runOnlyForDeploymentPostprocessing = 0;
		};
		3C89E4A8253C96C5003BA331 /* Sources */ = {
			isa = PBXSourcesBuildPhase;
			buildActionMask = 2147483647;
			files = (
				3C89E4B1253C96C5003BA331 /* DemoABCUITests.swift in Sources */,
			);
			runOnlyForDeploymentPostprocessing = 0;
		};
/* End PBXSourcesBuildPhase section */

/* Begin PBXTargetDependency section */
		3C89E4A3253C96C5003BA331 /* PBXTargetDependency */ = {
			isa = PBXTargetDependency;
			target = 3C89E48A253C96C3003BA331 /* DemoABC */;
			targetProxy = 3C89E4A2253C96C5003BA331 /* PBXContainerItemProxy */;
		};
		3C89E4AE253C96C5003BA331 /* PBXTargetDependency */ = {
			isa = PBXTargetDependency;
			target = 3C89E48A253C96C3003BA331 /* DemoABC */;
			targetProxy = 3C89E4AD253C96C5003BA331 /* PBXContainerItemProxy */;
		};
/* End PBXTargetDependency section */

/* Begin PBXVariantGroup section */
		3C89E494253C96C3003BA331 /* Main.storyboard */ = {
			isa = PBXVariantGroup;
			children = (
				3C89E495253C96C3003BA331 /* Base */,
			);
			name = Main.storyboard;
			sourceTree = "<group>";
		};
		3C89E499253C96C5003BA331 /* LaunchScreen.storyboard */ = {
			isa = PBXVariantGroup;
			children = (
				3C89E49A253C96C5003BA331 /* Base */,
			);
			name = LaunchScreen.storyboard;
			sourceTree = "<group>";
		};
/* End PBXVariantGroup section */

/* Begin XCBuildConfiguration section */
		3C89E4B3253C96C5003BA331 /* Debug */ = {
			isa = XCBuildConfiguration;
			buildSettings = {
				ALWAYS_SEARCH_USER_PATHS = NO;
				CLANG_ANALYZER_NONNULL = YES;
				CLANG_ANALYZER_NUMBER_OBJECT_CONVERSION = YES_AGGRESSIVE;
				CLANG_CXX_LANGUAGE_STANDARD = "gnu++14";
				CLANG_CXX_LIBRARY = "libc++";
				CLANG_ENABLE_MODULES = YES;
				CLANG_ENABLE_OBJC_ARC = YES;
				CLANG_ENABLE_OBJC_WEAK = YES;
				CLANG_WARN_BLOCK_CAPTURE_AUTORELEASING = YES;
				CLANG_WARN_BOOL_CONVERSION = YES;
				CLANG_WARN_COMMA = YES;
				CLANG_WARN_CONSTANT_CONVERSION = YES;
				CLANG_WARN_DEPRECATED_OBJC_IMPLEMENTATIONS = YES;
				CLANG_WARN_DIRECT_OBJC_ISA_USAGE = YES_ERROR;
				CLANG_WARN_DOCUMENTATION_COMMENTS = YES;
				CLANG_WARN_EMPTY_BODY = YES;
				CLANG_WARN_ENUM_CONVERSION = YES;
				CLANG_WARN_INFINITE_RECURSION = YES;
				CLANG_WARN_INT_CONVERSION = YES;
				CLANG_WARN_NON_LITERAL_NULL_CONVERSION = YES;
				CLANG_WARN_OBJC_IMPLICIT_RETAIN_SELF = YES;
				CLANG_WARN_OBJC_LITERAL_CONVERSION = YES;
				CLANG_WARN_OBJC_ROOT_CLASS = YES_ERROR;
				CLANG_WARN_QUOTED_INCLUDE_IN_FRAMEWORK_HEADER = YES;
				CLANG_WARN_RANGE_LOOP_ANALYSIS = YES;
				CLANG_WARN_STRICT_PROTOTYPES = YES;
				CLANG_WARN_SUSPICIOUS_MOVE = YES;
				CLANG_WARN_UNGUARDED_AVAILABILITY = YES_AGGRESSIVE;
				CLANG_WARN_UNREACHABLE_CODE = YES;
				CLANG_WARN__DUPLICATE_METHOD_MATCH = YES;
				COPY_PHASE_STRIP = NO;
				DEBUG_INFORMATION_FORMAT = dwarf;
				ENABLE_STRICT_OBJC_MSGSEND = YES;
				ENABLE_TESTABILITY = YES;
				GCC_C_LANGUAGE_STANDARD = gnu11;
				GCC_DYNAMIC_NO_PIC = NO;
				GCC_NO_COMMON_BLOCKS = YES;
				GCC_OPTIMIZATION_LEVEL = 0;
				GCC_PREPROCESSOR_DEFINITIONS = (
					"DEBUG=1",
					"$(inherited)",
				);
				GCC_WARN_64_TO_32_BIT_CONVERSION = YES;
				GCC_WARN_ABOUT_RETURN_TYPE = YES_ERROR;
				GCC_WARN_UNDECLARED_SELECTOR = YES;
				GCC_WARN_UNINITIALIZED_AUTOS = YES_AGGRESSIVE;
				GCC_WARN_UNUSED_FUNCTION = YES;
				GCC_WARN_UNUSED_VARIABLE = YES;
				IPHONEOS_DEPLOYMENT_TARGET = 14.0;
				MTL_ENABLE_DEBUG_INFO = INCLUDE_SOURCE;
				MTL_FAST_MATH = YES;
				ONLY_ACTIVE_ARCH = YES;
				SDKROOT = iphoneos;
				SWIFT_ACTIVE_COMPILATION_CONDITIONS = DEBUG;
				SWIFT_OPTIMIZATION_LEVEL = "-Onone";
			};
			name = Debug;
		};
		3C89E4B4253C96C5003BA331 /* Release */ = {
			isa = XCBuildConfiguration;
			buildSettings = {
				ALWAYS_SEARCH_USER_PATHS = NO;
				CLANG_ANALYZER_NONNULL = YES;
				CLANG_ANALYZER_NUMBER_OBJECT_CONVERSION = YES_AGGRESSIVE;
				CLANG_CXX_LANGUAGE_STANDARD = "gnu++14";
				CLANG_CXX_LIBRARY = "libc++";
				CLANG_ENABLE_MODULES = YES;
				CLANG_ENABLE_OBJC_ARC = YES;
				CLANG_ENABLE_OBJC_WEAK = YES;
				CLANG_WARN_BLOCK_CAPTURE_AUTORELEASING = YES;
				CLANG_WARN_BOOL_CONVERSION = YES;
				CLANG_WARN_COMMA = YES;
				CLANG_WARN_CONSTANT_CONVERSION = YES;
				CLANG_WARN_DEPRECATED_OBJC_IMPLEMENTATIONS = YES;
				CLANG_WARN_DIRECT_OBJC_ISA_USAGE = YES_ERROR;
				CLANG_WARN_DOCUMENTATION_COMMENTS = YES;
				CLANG_WARN_EMPTY_BODY = YES;
				CLANG_WARN_ENUM_CONVERSION = YES;
				CLANG_WARN_INFINITE_RECURSION = YES;
				CLANG_WARN_INT_CONVERSION = YES;
				CLANG_WARN_NON_LITERAL_NULL_CONVERSION = YES;
				CLANG_WARN_OBJC_IMPLICIT_RETAIN_SELF = YES;
				CLANG_WARN_OBJC_LITERAL_CONVERSION = YES;
				CLANG_WARN_OBJC_ROOT_CLASS = YES_ERROR;
				CLANG_WARN_QUOTED_INCLUDE_IN_FRAMEWORK_HEADER = YES;
				CLANG_WARN_RANGE_LOOP_ANALYSIS = YES;
				CLANG_WARN_STRICT_PROTOTYPES = YES;
				CLANG_WARN_SUSPICIOUS_MOVE = YES;
				CLANG_WARN_UNGUARDED_AVAILABILITY = YES_AGGRESSIVE;
				CLANG_WARN_UNREACHABLE_CODE = YES;
				CLANG_WARN__DUPLICATE_METHOD_MATCH = YES;
				COPY_PHASE_STRIP = NO;
				DEBUG_INFORMATION_FORMAT = "dwarf-with-dsym";
				ENABLE_NS_ASSERTIONS = NO;
				ENABLE_STRICT_OBJC_MSGSEND = YES;
				GCC_C_LANGUAGE_STANDARD = gnu11;
				GCC_NO_COMMON_BLOCKS = YES;
				GCC_WARN_64_TO_32_BIT_CONVERSION = YES;
				GCC_WARN_ABOUT_RETURN_TYPE = YES_ERROR;
				GCC_WARN_UNDECLARED_SELECTOR = YES;
				GCC_WARN_UNINITIALIZED_AUTOS = YES_AGGRESSIVE;
				GCC_WARN_UNUSED_FUNCTION = YES;
				GCC_WARN_UNUSED_VARIABLE = YES;
				IPHONEOS_DEPLOYMENT_TARGET = 14.0;
				MTL_ENABLE_DEBUG_INFO = NO;
				MTL_FAST_MATH = YES;
				SDKROOT = iphoneos;
				SWIFT_COMPILATION_MODE = wholemodule;
				SWIFT_OPTIMIZATION_LEVEL = "-O";
				VALIDATE_PRODUCT = YES;
			};
			name = Release;
		};
		3C89E4B6253C96C5003BA331 /* Debug */ = {
			isa = XCBuildConfiguration;
			buildSettings = {
				ASSETCATALOG_COMPILER_APPICON_NAME = AppIcon;
				ASSETCATALOG_COMPILER_GLOBAL_ACCENT_COLOR_NAME = AccentColor;
				CODE_SIGN_STYLE = Automatic;
				INFOPLIST_FILE = DemoABC/Info.plist;
				LD_RUNPATH_SEARCH_PATHS = (
					"$(inherited)",
					"@executable_path/Frameworks",
				);
				PRODUCT_BUNDLE_IDENTIFIER = com.Dinesh.DemoABC;
				PRODUCT_NAME = "$(TARGET_NAME)";
				SWIFT_VERSION = 5.0;
				TARGETED_DEVICE_FAMILY = "1,2";
			};
			name = Debug;
		};
		3C89E4B7253C96C5003BA331 /* Release */ = {
			isa = XCBuildConfiguration;
			buildSettings = {
				ASSETCATALOG_COMPILER_APPICON_NAME = AppIcon;
				ASSETCATALOG_COMPILER_GLOBAL_ACCENT_COLOR_NAME = AccentColor;
				CODE_SIGN_STYLE = Automatic;
				INFOPLIST_FILE = DemoABC/Info.plist;
				LD_RUNPATH_SEARCH_PATHS = (
					"$(inherited)",
					"@executable_path/Frameworks",
				);
				PRODUCT_BUNDLE_IDENTIFIER = com.Dinesh.DemoABC;
				PRODUCT_NAME = "$(TARGET_NAME)";
				SWIFT_VERSION = 5.0;
				TARGETED_DEVICE_FAMILY = "1,2";
			};
			name = Release;
		};
		3C89E4B9253C96C5003BA331 /* Debug */ = {
			isa = XCBuildConfiguration;
			buildSettings = {
				ALWAYS_EMBED_SWIFT_STANDARD_LIBRARIES = YES;
				BUNDLE_LOADER = "$(TEST_HOST)";
				CODE_SIGN_STYLE = Automatic;
				INFOPLIST_FILE = DemoABCTests/Info.plist;
				IPHONEOS_DEPLOYMENT_TARGET = 14.0;
				LD_RUNPATH_SEARCH_PATHS = (
					"$(inherited)",
					"@executable_path/Frameworks",
					"@loader_path/Frameworks",
				);
				PRODUCT_BUNDLE_IDENTIFIER = com.Dinesh.DemoABCTests;
				PRODUCT_NAME = "$(TARGET_NAME)";
				SWIFT_VERSION = 5.0;
				TARGETED_DEVICE_FAMILY = "1,2";
				TEST_HOST = "$(BUILT_PRODUCTS_DIR)/DemoABC.app/DemoABC";
			};
			name = Debug;
		};
		3C89E4BA253C96C5003BA331 /* Release */ = {
			isa = XCBuildConfiguration;
			buildSettings = {
				ALWAYS_EMBED_SWIFT_STANDARD_LIBRARIES = YES;
				BUNDLE_LOADER = "$(TEST_HOST)";
				CODE_SIGN_STYLE = Automatic;
				INFOPLIST_FILE = DemoABCTests/Info.plist;
				IPHONEOS_DEPLOYMENT_TARGET = 14.0;
				LD_RUNPATH_SEARCH_PATHS = (
					"$(inherited)",
					"@executable_path/Frameworks",
					"@loader_path/Frameworks",
				);
				PRODUCT_BUNDLE_IDENTIFIER = com.Dinesh.DemoABCTests;
				PRODUCT_NAME = "$(TARGET_NAME)";
				SWIFT_VERSION = 5.0;
				TARGETED_DEVICE_FAMILY = "1,2";
				TEST_HOST = "$(BUILT_PRODUCTS_DIR)/DemoABC.app/DemoABC";
			};
			name = Release;
		};
		3C89E4BC253C96C5003BA331 /* Debug */ = {
			isa = XCBuildConfiguration;
			buildSettings = {
				ALWAYS_EMBED_SWIFT_STANDARD_LIBRARIES = YES;
				CODE_SIGN_STYLE = Automatic;
				INFOPLIST_FILE = DemoABCUITests/Info.plist;
				LD_RUNPATH_SEARCH_PATHS = (
					"$(inherited)",
					"@executable_path/Frameworks",
					"@loader_path/Frameworks",
				);
				PRODUCT_BUNDLE_IDENTIFIER = com.Dinesh.DemoABCUITests;
				PRODUCT_NAME = "$(TARGET_NAME)";
				SWIFT_VERSION = 5.0;
				TARGETED_DEVICE_FAMILY = "1,2";
				TEST_TARGET_NAME = DemoABC;
			};
			name = Debug;
		};
		3C89E4BD253C96C5003BA331 /* Release */ = {
			isa = XCBuildConfiguration;
			buildSettings = {
				ALWAYS_EMBED_SWIFT_STANDARD_LIBRARIES = YES;
				CODE_SIGN_STYLE = Automatic;
				INFOPLIST_FILE = DemoABCUITests/Info.plist;
				LD_RUNPATH_SEARCH_PATHS = (
					"$(inherited)",
					"@executable_path/Frameworks",
					"@loader_path/Frameworks",
				);
				PRODUCT_BUNDLE_IDENTIFIER = com.Dinesh.DemoABCUITests;
				PRODUCT_NAME = "$(TARGET_NAME)";
				SWIFT_VERSION = 5.0;
				TARGETED_DEVICE_FAMILY = "1,2";
				TEST_TARGET_NAME = DemoABC;
			};
			name = Release;
		};
/* End XCBuildConfiguration section */

/* Begin XCConfigurationList section */
		3C89E486253C96C3003BA331 /* Build configuration list for PBXProject "DemoABC" */ = {
			isa = XCConfigurationList;
			buildConfigurations = (
				3C89E4B3253C96C5003BA331 /* Debug */,
				3C89E4B4253C96C5003BA331 /* Release */,
			);
			defaultConfigurationIsVisible = 0;
			defaultConfigurationName = Release;
		};
		3C89E4B5253C96C5003BA331 /* Build configuration list for PBXNativeTarget "DemoABC" */ = {
			isa = XCConfigurationList;
			buildConfigurations = (
				3C89E4B6253C96C5003BA331 /* Debug */,
				3C89E4B7253C96C5003BA331 /* Release */,
			);
			defaultConfigurationIsVisible = 0;
			defaultConfigurationName = Release;
		};
		3C89E4B8253C96C5003BA331 /* Build configuration list for PBXNativeTarget "DemoABCTests" */ = {
			isa = XCConfigurationList;
			buildConfigurations = (
				3C89E4B9253C96C5003BA331 /* Debug */,
				3C89E4BA253C96C5003BA331 /* Release */,
			);
			defaultConfigurationIsVisible = 0;
			defaultConfigurationName = Release;
		};
		3C89E4BB253C96C5003BA331 /* Build configuration list for PBXNativeTarget "DemoABCUITests" */ = {
			isa = XCConfigurationList;
			buildConfigurations = (
				3C89E4BC253C96C5003BA331 /* Debug */,
				3C89E4BD253C96C5003BA331 /* Release */,
			);
			defaultConfigurationIsVisible = 0;
			defaultConfigurationName = Release;
		};
/* End XCConfigurationList section */
	};
	rootObject = 3C89E483253C96C3003BA331 /* Project object */;
}
